
Microsoft Visual Studio Solution File, Format Version 12.00
# Visual Studio Version 17
VisualStudioVersion = 17.10.34928.147
MinimumVisualStudioVersion = 10.0.40219.1
Project("{9A19103F-16F7-4668-BE54-9A1E7A4F7556}") = "Medical-Record-System", "Medical-Record-System\Medical-Record-System.csproj", "{2CC460A1-4D6F-40F0-BC4F-D78142692E78}"
EndProject
Project("{2150E333-8FDC-42A3-9474-1A3956D46DE8}") = "Solution Items", "Solution Items", "{BEF8A99F-E65E-4BA0-80D8-C116DD53C6DD}"
	ProjectSection(SolutionItems) = preProject
		docker-compose.yml = docker-compose.yml
	EndProjectSection
EndProject
Project("{9A19103F-16F7-4668-BE54-9A1E7A4F7556}") = "User-Management", "User-Management\User-Management.csproj", "{52818317-543A-45D8-ADA5-72A28CEA8A6E}"
EndProject
Project("{9A19103F-16F7-4668-BE54-9A1E7A4F7556}") = "Appointment-Planner", "Appointment-Planner\Appointment-Planner.csproj", "{2BF39C50-6AE5-4F38-80B1-9FAE236909BC}"
EndProject
Project("{9A19103F-16F7-4668-BE54-9A1E7A4F7556}") = "Notification-Sender", "Notification-Sender\Notification-Sender.csproj", "{88023D38-2691-49A8-8674-AD0BB9348CE2}"
EndProject
Project("{FAE04EC0-301F-11D3-BF4B-00C04F79EFBC}") = "Patient-Transferral-System", "Patient-Transferral-System\Patient-Transferral-System.csproj", "{94AF8FD6-F793-49A0-9812-514533A2BDBB}"
EndProject
Global
	GlobalSection(SolutionConfigurationPlatforms) = preSolution
		Debug|Any CPU = Debug|Any CPU
		Release|Any CPU = Release|Any CPU
	EndGlobalSection
	GlobalSection(ProjectConfigurationPlatforms) = postSolution
		{2CC460A1-4D6F-40F0-BC4F-D78142692E78}.Debug|Any CPU.ActiveCfg = Debug|Any CPU
		{2CC460A1-4D6F-40F0-BC4F-D78142692E78}.Debug|Any CPU.Build.0 = Debug|Any CPU
		{2CC460A1-4D6F-40F0-BC4F-D78142692E78}.Release|Any CPU.ActiveCfg = Release|Any CPU
		{2CC460A1-4D6F-40F0-BC4F-D78142692E78}.Release|Any CPU.Build.0 = Release|Any CPU
		{52818317-543A-45D8-ADA5-72A28CEA8A6E}.Debug|Any CPU.ActiveCfg = Debug|Any CPU
		{52818317-543A-45D8-ADA5-72A28CEA8A6E}.Debug|Any CPU.Build.0 = Debug|Any CPU
		{52818317-543A-45D8-ADA5-72A28CEA8A6E}.Release|Any CPU.ActiveCfg = Release|Any CPU
		{52818317-543A-45D8-ADA5-72A28CEA8A6E}.Release|Any CPU.Build.0 = Release|Any CPU
		{2BF39C50-6AE5-4F38-80B1-9FAE236909BC}.Debug|Any CPU.ActiveCfg = Debug|Any CPU
		{2BF39C50-6AE5-4F38-80B1-9FAE236909BC}.Debug|Any CPU.Build.0 = Debug|Any CPU
		{2BF39C50-6AE5-4F38-80B1-9FAE236909BC}.Release|Any CPU.ActiveCfg = Release|Any CPU
		{2BF39C50-6AE5-4F38-80B1-9FAE236909BC}.Release|Any CPU.Build.0 = Release|Any CPU
		{88023D38-2691-49A8-8674-AD0BB9348CE2}.Debug|Any CPU.ActiveCfg = Debug|Any CPU
		{88023D38-2691-49A8-8674-AD0BB9348CE2}.Debug|Any CPU.Build.0 = Debug|Any CPU
		{88023D38-2691-49A8-8674-AD0BB9348CE2}.Release|Any CPU.ActiveCfg = Release|Any CPU
		{88023D38-2691-49A8-8674-AD0BB9348CE2}.Release|Any CPU.Build.0 = Release|Any CPU
		{94AF8FD6-F793-49A0-9812-514533A2BDBB}.Debug|Any CPU.ActiveCfg = Debug|Any CPU
		{94AF8FD6-F793-49A0-9812-514533A2BDBB}.Debug|Any CPU.Build.0 = Debug|Any CPU
		{94AF8FD6-F793-49A0-9812-514533A2BDBB}.Release|Any CPU.ActiveCfg = Release|Any CPU
		{94AF8FD6-F793-49A0-9812-514533A2BDBB}.Release|Any CPU.Build.0 = Release|Any CPU
	EndGlobalSection
	GlobalSection(SolutionProperties) = preSolution
		HideSolutionNode = FALSE
	EndGlobalSection
EndGlobal
