
Microsoft Visual Studio Solution File, Format Version 12.00
Project("{FAE04EC0-301F-11D3-BF4B-00C04F79EFBC}") = "Medical-Record-System", "Medical-Record-System\Medical-Record-System.csproj", "{2CC460A1-4D6F-40F0-BC4F-D78142692E78}"
EndProject
Project("{2150E333-8FDC-42A3-9474-1A3956D46DE8}") = "Solution Items", "Solution Items", "{BEF8A99F-E65E-4BA0-80D8-C116DD53C6DD}"
	ProjectSection(SolutionItems) = preProject
		docker-compose.yml = docker-compose.yml
	EndProjectSection
EndProject
Project("{FAE04EC0-301F-11D3-BF4B-00C04F79EFBC}") = "PatientManagement", "PatientManagement\PatientManagement.csproj", "{97823889-82F8-4C37-A3FC-5A7ECF0A57C1}"
EndProject
Global
	GlobalSection(SolutionConfigurationPlatforms) = preSolution
		Debug|Any CPU = Debug|Any CPU
		Release|Any CPU = Release|Any CPU
	EndGlobalSection
	GlobalSection(ProjectConfigurationPlatforms) = postSolution
		{2CC460A1-4D6F-40F0-BC4F-D78142692E78}.Debug|Any CPU.ActiveCfg = Debug|Any CPU
		{2CC460A1-4D6F-40F0-BC4F-D78142692E78}.Debug|Any CPU.Build.0 = Debug|Any CPU
		{2CC460A1-4D6F-40F0-BC4F-D78142692E78}.Release|Any CPU.ActiveCfg = Release|Any CPU
		{2CC460A1-4D6F-40F0-BC4F-D78142692E78}.Release|Any CPU.Build.0 = Release|Any CPU
		{97823889-82F8-4C37-A3FC-5A7ECF0A57C1}.Debug|Any CPU.ActiveCfg = Debug|Any CPU
		{97823889-82F8-4C37-A3FC-5A7ECF0A57C1}.Debug|Any CPU.Build.0 = Debug|Any CPU
		{97823889-82F8-4C37-A3FC-5A7ECF0A57C1}.Release|Any CPU.ActiveCfg = Release|Any CPU
		{97823889-82F8-4C37-A3FC-5A7ECF0A57C1}.Release|Any CPU.Build.0 = Release|Any CPU
	EndGlobalSection
EndGlobal
